// !$*UTF8*$!
{
	archiveVersion = 1;
	classes = {
	};
	objectVersion = 50;
	objects = {

/* Begin PBXBuildFile section */
		3B40F5BB2748FC4700423AA5 /* SpeakerModel.swift in Sources */ = {isa = PBXBuildFile; fileRef = 3B40F5BA2748FC4700423AA5 /* SpeakerModel.swift */; };
		3B40F5BE2748FD7900423AA5 /* SpeakerView.swift in Sources */ = {isa = PBXBuildFile; fileRef = 3B40F5BD2748FD7900423AA5 /* SpeakerView.swift */; };
		3B40F5C02748FDA900423AA5 /* MeetingView.swift in Sources */ = {isa = PBXBuildFile; fileRef = 3B40F5BF2748FDA900423AA5 /* MeetingView.swift */; };
		3B40F5C22748FDBA00423AA5 /* MeetingFooterView.swift in Sources */ = {isa = PBXBuildFile; fileRef = 3B40F5C12748FDBA00423AA5 /* MeetingFooterView.swift */; };
		421B38622748E62C0028F66D /* BigEventScreen.swift in Sources */ = {isa = PBXBuildFile; fileRef = 421B38612748E62C0028F66D /* BigEventScreen.swift */; };
		421B386B2748E9490028F66D /* SegmentedPicker.swift in Sources */ = {isa = PBXBuildFile; fileRef = 421B386A2748E9490028F66D /* SegmentedPicker.swift */; };
		421B38882748ED300028F66D /* Light.ttf in Resources */ = {isa = PBXBuildFile; fileRef = 421B38842748ED300028F66D /* Light.ttf */; };
		421B38892748ED300028F66D /* SemiBold.ttf in Resources */ = {isa = PBXBuildFile; fileRef = 421B38852748ED300028F66D /* SemiBold.ttf */; };
		421B388A2748ED300028F66D /* Medium.ttf in Resources */ = {isa = PBXBuildFile; fileRef = 421B38862748ED300028F66D /* Medium.ttf */; };
		421B388B2748ED300028F66D /* Regular.ttf in Resources */ = {isa = PBXBuildFile; fileRef = 421B38872748ED300028F66D /* Regular.ttf */; };
		421B38942748F13D0028F66D /* AnyView.swift in Sources */ = {isa = PBXBuildFile; fileRef = 421B38932748F13D0028F66D /* AnyView.swift */; };
		421B38992748F3040028F66D /* SizeProvidingViewModifier.swift in Sources */ = {isa = PBXBuildFile; fileRef = 421B38982748F3040028F66D /* SizeProvidingViewModifier.swift */; };
		421B389D2748F3760028F66D /* BackGroundGeometryReader.swift in Sources */ = {isa = PBXBuildFile; fileRef = 421B389C2748F3760028F66D /* BackGroundGeometryReader.swift */; };
		421B38A02748F3A70028F66D /* SizePreferenceKey.swift in Sources */ = {isa = PBXBuildFile; fileRef = 421B389F2748F3A70028F66D /* SizePreferenceKey.swift */; };
		421B38A62748F8A60028F66D /* HorizontalAlignment.swift in Sources */ = {isa = PBXBuildFile; fileRef = 421B38A52748F8A60028F66D /* HorizontalAlignment.swift */; };
		421B38AB2748F8EB0028F66D /* View+Alignment.swift in Sources */ = {isa = PBXBuildFile; fileRef = 421B38AA2748F8EB0028F66D /* View+Alignment.swift */; };
		421B38AE2748F9780028F66D /* UnderlineSegmentedPicker.swift in Sources */ = {isa = PBXBuildFile; fileRef = 421B38AD2748F9780028F66D /* UnderlineSegmentedPicker.swift */; };
		42B416352748D6BB00492721 /* HyBrellaButtonViewModifier.swift in Sources */ = {isa = PBXBuildFile; fileRef = 42B416342748D6BB00492721 /* HyBrellaButtonViewModifier.swift */; };
		66DBC8972747EC1100A8B7A3 /* HackathonAppApp.swift in Sources */ = {isa = PBXBuildFile; fileRef = 66DBC8962747EC1100A8B7A3 /* HackathonAppApp.swift */; };
		66DBC8992747EC1100A8B7A3 /* ContentView.swift in Sources */ = {isa = PBXBuildFile; fileRef = 66DBC8982747EC1100A8B7A3 /* ContentView.swift */; };
		66DBC89B2747EC1300A8B7A3 /* Assets.xcassets in Resources */ = {isa = PBXBuildFile; fileRef = 66DBC89A2747EC1300A8B7A3 /* Assets.xcassets */; };
		66DBC89E2747EC1300A8B7A3 /* Preview Assets.xcassets in Resources */ = {isa = PBXBuildFile; fileRef = 66DBC89D2747EC1300A8B7A3 /* Preview Assets.xcassets */; };
/* End PBXBuildFile section */

/* Begin PBXFileReference section */
		3B40F5BA2748FC4700423AA5 /* SpeakerModel.swift */ = {isa = PBXFileReference; lastKnownFileType = sourcecode.swift; name = SpeakerModel.swift; path = ../../Model/SpeakerModel.swift; sourceTree = "<group>"; };
		3B40F5BD2748FD7900423AA5 /* SpeakerView.swift */ = {isa = PBXFileReference; lastKnownFileType = sourcecode.swift; path = SpeakerView.swift; sourceTree = "<group>"; };
		3B40F5BF2748FDA900423AA5 /* MeetingView.swift */ = {isa = PBXFileReference; lastKnownFileType = sourcecode.swift; path = MeetingView.swift; sourceTree = "<group>"; };
		3B40F5C12748FDBA00423AA5 /* MeetingFooterView.swift */ = {isa = PBXFileReference; lastKnownFileType = sourcecode.swift; path = MeetingFooterView.swift; sourceTree = "<group>"; };
		421B38612748E62C0028F66D /* BigEventScreen.swift */ = {isa = PBXFileReference; lastKnownFileType = sourcecode.swift; name = BigEventScreen.swift; path = HackathonApp/BigEventScreen.swift; sourceTree = SOURCE_ROOT; };
		421B386A2748E9490028F66D /* SegmentedPicker.swift */ = {isa = PBXFileReference; lastKnownFileType = sourcecode.swift; path = SegmentedPicker.swift; sourceTree = "<group>"; };
		421B387F2748ECA80028F66D /* Info.plist */ = {isa = PBXFileReference; fileEncoding = 4; lastKnownFileType = text.plist.xml; path = Info.plist; sourceTree = "<group>"; };
		421B38842748ED300028F66D /* Light.ttf */ = {isa = PBXFileReference; lastKnownFileType = file; path = Light.ttf; sourceTree = "<group>"; };
		421B38852748ED300028F66D /* SemiBold.ttf */ = {isa = PBXFileReference; lastKnownFileType = file; path = SemiBold.ttf; sourceTree = "<group>"; };
		421B38862748ED300028F66D /* Medium.ttf */ = {isa = PBXFileReference; lastKnownFileType = file; path = Medium.ttf; sourceTree = "<group>"; };
		421B38872748ED300028F66D /* Regular.ttf */ = {isa = PBXFileReference; lastKnownFileType = file; path = Regular.ttf; sourceTree = "<group>"; };
		421B38932748F13D0028F66D /* AnyView.swift */ = {isa = PBXFileReference; lastKnownFileType = sourcecode.swift; path = AnyView.swift; sourceTree = "<group>"; };
		421B38982748F3040028F66D /* SizeProvidingViewModifier.swift */ = {isa = PBXFileReference; lastKnownFileType = sourcecode.swift; path = SizeProvidingViewModifier.swift; sourceTree = "<group>"; };
		421B389C2748F3760028F66D /* BackGroundGeometryReader.swift */ = {isa = PBXFileReference; lastKnownFileType = sourcecode.swift; path = BackGroundGeometryReader.swift; sourceTree = "<group>"; };
		421B389F2748F3A70028F66D /* SizePreferenceKey.swift */ = {isa = PBXFileReference; lastKnownFileType = sourcecode.swift; path = SizePreferenceKey.swift; sourceTree = "<group>"; };
		421B38A52748F8A60028F66D /* HorizontalAlignment.swift */ = {isa = PBXFileReference; lastKnownFileType = sourcecode.swift; path = HorizontalAlignment.swift; sourceTree = "<group>"; };
		421B38AA2748F8EB0028F66D /* View+Alignment.swift */ = {isa = PBXFileReference; lastKnownFileType = sourcecode.swift; path = "View+Alignment.swift"; sourceTree = "<group>"; };
		421B38AD2748F9780028F66D /* UnderlineSegmentedPicker.swift */ = {isa = PBXFileReference; lastKnownFileType = sourcecode.swift; path = UnderlineSegmentedPicker.swift; sourceTree = "<group>"; };
		42B416342748D6BB00492721 /* HyBrellaButtonViewModifier.swift */ = {isa = PBXFileReference; lastKnownFileType = sourcecode.swift; path = HyBrellaButtonViewModifier.swift; sourceTree = "<group>"; };
		66DBC8932747EC1100A8B7A3 /* HackathonApp.app */ = {isa = PBXFileReference; explicitFileType = wrapper.application; includeInIndex = 0; path = HackathonApp.app; sourceTree = BUILT_PRODUCTS_DIR; };
		66DBC8962747EC1100A8B7A3 /* HackathonAppApp.swift */ = {isa = PBXFileReference; lastKnownFileType = sourcecode.swift; path = HackathonAppApp.swift; sourceTree = "<group>"; };
		66DBC8982747EC1100A8B7A3 /* ContentView.swift */ = {isa = PBXFileReference; lastKnownFileType = sourcecode.swift; path = ContentView.swift; sourceTree = "<group>"; };
		66DBC89A2747EC1300A8B7A3 /* Assets.xcassets */ = {isa = PBXFileReference; lastKnownFileType = folder.assetcatalog; path = Assets.xcassets; sourceTree = "<group>"; };
		66DBC89D2747EC1300A8B7A3 /* Preview Assets.xcassets */ = {isa = PBXFileReference; lastKnownFileType = folder.assetcatalog; path = "Preview Assets.xcassets"; sourceTree = "<group>"; };
/* End PBXFileReference section */

/* Begin PBXFrameworksBuildPhase section */
		66DBC8902747EC1100A8B7A3 /* Frameworks */ = {
			isa = PBXFrameworksBuildPhase;
			buildActionMask = 2147483647;
			files = (
			);
			runOnlyForDeploymentPostprocessing = 0;
		};
/* End PBXFrameworksBuildPhase section */

/* Begin PBXGroup section */
		3B40F5B92748FC2D00423AA5 /* Model */ = {
			isa = PBXGroup;
			children = (
				3B40F5BA2748FC4700423AA5 /* SpeakerModel.swift */,
			);
			name = Model;
			path = App/Model;
			sourceTree = "<group>";
		};
		3B40F5BC2748FC7000423AA5 /* MeetingView */ = {
			isa = PBXGroup;
			children = (
				3B40F5BD2748FD7900423AA5 /* SpeakerView.swift */,
				3B40F5BF2748FDA900423AA5 /* MeetingView.swift */,
				3B40F5C12748FDBA00423AA5 /* MeetingFooterView.swift */,
			);
			path = MeetingView;
			sourceTree = "<group>";
		};
		421B38642748E7860028F66D /* BottomSegmentedPicker */ = {
			isa = PBXGroup;
			children = (
				421B38962748F2D20028F66D /* SegmentedPicker */,
			);
			path = BottomSegmentedPicker;
			sourceTree = "<group>";
		};
		421B38832748ED300028F66D /* Fonts */ = {
			isa = PBXGroup;
			children = (
				421B38842748ED300028F66D /* Light.ttf */,
				421B38852748ED300028F66D /* SemiBold.ttf */,
				421B38862748ED300028F66D /* Medium.ttf */,
				421B38872748ED300028F66D /* Regular.ttf */,
			);
			path = Fonts;
			sourceTree = "<group>";
		};
		421B38962748F2D20028F66D /* SegmentedPicker */ = {
			isa = PBXGroup;
			children = (
				421B386A2748E9490028F66D /* SegmentedPicker.swift */,
				421B38AD2748F9780028F66D /* UnderlineSegmentedPicker.swift */,
			);
			path = SegmentedPicker;
			sourceTree = "<group>";
		};
		421B38A82748F8D70028F66D /* Alignment */ = {
			isa = PBXGroup;
			children = (
				421B38A52748F8A60028F66D /* HorizontalAlignment.swift */,
				421B38AA2748F8EB0028F66D /* View+Alignment.swift */,
			);
			path = Alignment;
			sourceTree = "<group>";
		};
		42B4163E2748E2D200492721 /* BigEvent */ = {
			isa = PBXGroup;
			children = (
				421B38612748E62C0028F66D /* BigEventScreen.swift */,
				421B38642748E7860028F66D /* BottomSegmentedPicker */,
			);
			path = BigEvent;
			sourceTree = "<group>";
		};
		42B416442748E4D100492721 /* App */ = {
			isa = PBXGroup;
			children = (
				66DBC8962747EC1100A8B7A3 /* HackathonAppApp.swift */,
			);
			path = App;
			sourceTree = "<group>";
		};
		42B416462748E4DD00492721 /* Common */ = {
			isa = PBXGroup;
			children = (
				42B416482748E4FA00492721 /* UI */,
			);
			path = Common;
			sourceTree = "<group>";
		};
		42B416482748E4FA00492721 /* UI */ = {
			isa = PBXGroup;
			children = (
				42B416342748D6BB00492721 /* HyBrellaButtonViewModifier.swift */,
				421B38932748F13D0028F66D /* AnyView.swift */,
				421B38982748F3040028F66D /* SizeProvidingViewModifier.swift */,
				421B389C2748F3760028F66D /* BackGroundGeometryReader.swift */,
				421B389F2748F3A70028F66D /* SizePreferenceKey.swift */,
				421B38A82748F8D70028F66D /* Alignment */,
			);
			path = UI;
			sourceTree = "<group>";
		};
		66DBC88A2747EC1000A8B7A3 = {
			isa = PBXGroup;
			children = (
				66DBC8952747EC1100A8B7A3 /* HackathonApp */,
				66DBC8942747EC1100A8B7A3 /* Products */,
			);
			sourceTree = "<group>";
		};
		66DBC8942747EC1100A8B7A3 /* Products */ = {
			isa = PBXGroup;
			children = (
				66DBC8932747EC1100A8B7A3 /* HackathonApp.app */,
			);
			name = Products;
			sourceTree = "<group>";
		};
		66DBC8952747EC1100A8B7A3 /* HackathonApp */ = {
			isa = PBXGroup;
			children = (
				421B38832748ED300028F66D /* Fonts */,
				42B416442748E4D100492721 /* App */,
				3B40F5B92748FC2D00423AA5 /* Model */,
				42B416462748E4DD00492721 /* Common */,
				3B40F5BC2748FC7000423AA5 /* MeetingView */,
				42B4163E2748E2D200492721 /* BigEvent */,
				66DBC8982747EC1100A8B7A3 /* ContentView.swift */,
				66DBC89A2747EC1300A8B7A3 /* Assets.xcassets */,
				421B387F2748ECA80028F66D /* Info.plist */,
				66DBC89C2747EC1300A8B7A3 /* Preview Content */,
			);
			path = HackathonApp;
			sourceTree = "<group>";
		};
		66DBC89C2747EC1300A8B7A3 /* Preview Content */ = {
			isa = PBXGroup;
			children = (
				66DBC89D2747EC1300A8B7A3 /* Preview Assets.xcassets */,
			);
			path = "Preview Content";
			sourceTree = "<group>";
		};
/* End PBXGroup section */

/* Begin PBXNativeTarget section */
		66DBC8922747EC1100A8B7A3 /* HackathonApp */ = {
			isa = PBXNativeTarget;
			buildConfigurationList = 66DBC8A22747EC1300A8B7A3 /* Build configuration list for PBXNativeTarget "HackathonApp" */;
			buildPhases = (
				66DBC88F2747EC1100A8B7A3 /* Sources */,
				66DBC8902747EC1100A8B7A3 /* Frameworks */,
				66DBC8912747EC1100A8B7A3 /* Resources */,
			);
			buildRules = (
			);
			dependencies = (
			);
			name = HackathonApp;
			productName = HackathonApp;
			productReference = 66DBC8932747EC1100A8B7A3 /* HackathonApp.app */;
			productType = "com.apple.product-type.application";
		};
/* End PBXNativeTarget section */

/* Begin PBXProject section */
		66DBC88B2747EC1000A8B7A3 /* Project object */ = {
			isa = PBXProject;
			attributes = {
				LastSwiftUpdateCheck = 1240;
				LastUpgradeCheck = 1240;
				TargetAttributes = {
					66DBC8922747EC1100A8B7A3 = {
						CreatedOnToolsVersion = 12.4;
					};
				};
			};
			buildConfigurationList = 66DBC88E2747EC1000A8B7A3 /* Build configuration list for PBXProject "HackathonApp" */;
			compatibilityVersion = "Xcode 9.3";
			developmentRegion = en;
			hasScannedForEncodings = 0;
			knownRegions = (
				en,
				Base,
			);
			mainGroup = 66DBC88A2747EC1000A8B7A3;
			productRefGroup = 66DBC8942747EC1100A8B7A3 /* Products */;
			projectDirPath = "";
			projectRoot = "";
			targets = (
				66DBC8922747EC1100A8B7A3 /* HackathonApp */,
			);
		};
/* End PBXProject section */

/* Begin PBXResourcesBuildPhase section */
		66DBC8912747EC1100A8B7A3 /* Resources */ = {
			isa = PBXResourcesBuildPhase;
			buildActionMask = 2147483647;
			files = (
				421B388A2748ED300028F66D /* Medium.ttf in Resources */,
				421B38882748ED300028F66D /* Light.ttf in Resources */,
				66DBC89E2747EC1300A8B7A3 /* Preview Assets.xcassets in Resources */,
				421B388B2748ED300028F66D /* Regular.ttf in Resources */,
				66DBC89B2747EC1300A8B7A3 /* Assets.xcassets in Resources */,
				421B38892748ED300028F66D /* SemiBold.ttf in Resources */,
			);
			runOnlyForDeploymentPostprocessing = 0;
		};
/* End PBXResourcesBuildPhase section */

/* Begin PBXSourcesBuildPhase section */
		66DBC88F2747EC1100A8B7A3 /* Sources */ = {
			isa = PBXSourcesBuildPhase;
			buildActionMask = 2147483647;
			files = (
				421B38AE2748F9780028F66D /* UnderlineSegmentedPicker.swift in Sources */,
				66DBC8992747EC1100A8B7A3 /* ContentView.swift in Sources */,
				42B416352748D6BB00492721 /* HyBrellaButtonViewModifier.swift in Sources */,
				3B40F5BE2748FD7900423AA5 /* SpeakerView.swift in Sources */,
				3B40F5C22748FDBA00423AA5 /* MeetingFooterView.swift in Sources */,
				421B38992748F3040028F66D /* SizeProvidingViewModifier.swift in Sources */,
				66DBC8972747EC1100A8B7A3 /* HackathonAppApp.swift in Sources */,
				421B38AB2748F8EB0028F66D /* View+Alignment.swift in Sources */,
				3B40F5BB2748FC4700423AA5 /* SpeakerModel.swift in Sources */,
				421B386B2748E9490028F66D /* SegmentedPicker.swift in Sources */,
				421B38622748E62C0028F66D /* BigEventScreen.swift in Sources */,
				421B389D2748F3760028F66D /* BackGroundGeometryReader.swift in Sources */,
				421B38942748F13D0028F66D /* AnyView.swift in Sources */,
				421B38A02748F3A70028F66D /* SizePreferenceKey.swift in Sources */,
				421B38A62748F8A60028F66D /* HorizontalAlignment.swift in Sources */,
				3B40F5C02748FDA900423AA5 /* MeetingView.swift in Sources */,
			);
			runOnlyForDeploymentPostprocessing = 0;
		};
/* End PBXSourcesBuildPhase section */

/* Begin XCBuildConfiguration section */
		66DBC8A02747EC1300A8B7A3 /* Debug */ = {
			isa = XCBuildConfiguration;
			buildSettings = {
				ALWAYS_SEARCH_USER_PATHS = NO;
				CLANG_ANALYZER_NONNULL = YES;
				CLANG_ANALYZER_NUMBER_OBJECT_CONVERSION = YES_AGGRESSIVE;
				CLANG_CXX_LANGUAGE_STANDARD = "gnu++14";
				CLANG_CXX_LIBRARY = "libc++";
				CLANG_ENABLE_MODULES = YES;
				CLANG_ENABLE_OBJC_ARC = YES;
				CLANG_ENABLE_OBJC_WEAK = YES;
				CLANG_WARN_BLOCK_CAPTURE_AUTORELEASING = YES;
				CLANG_WARN_BOOL_CONVERSION = YES;
				CLANG_WARN_COMMA = YES;
				CLANG_WARN_CONSTANT_CONVERSION = YES;
				CLANG_WARN_DEPRECATED_OBJC_IMPLEMENTATIONS = YES;
				CLANG_WARN_DIRECT_OBJC_ISA_USAGE = YES_ERROR;
				CLANG_WARN_DOCUMENTATION_COMMENTS = YES;
				CLANG_WARN_EMPTY_BODY = YES;
				CLANG_WARN_ENUM_CONVERSION = YES;
				CLANG_WARN_INFINITE_RECURSION = YES;
				CLANG_WARN_INT_CONVERSION = YES;
				CLANG_WARN_NON_LITERAL_NULL_CONVERSION = YES;
				CLANG_WARN_OBJC_IMPLICIT_RETAIN_SELF = YES;
				CLANG_WARN_OBJC_LITERAL_CONVERSION = YES;
				CLANG_WARN_OBJC_ROOT_CLASS = YES_ERROR;
				CLANG_WARN_QUOTED_INCLUDE_IN_FRAMEWORK_HEADER = YES;
				CLANG_WARN_RANGE_LOOP_ANALYSIS = YES;
				CLANG_WARN_STRICT_PROTOTYPES = YES;
				CLANG_WARN_SUSPICIOUS_MOVE = YES;
				CLANG_WARN_UNGUARDED_AVAILABILITY = YES_AGGRESSIVE;
				CLANG_WARN_UNREACHABLE_CODE = YES;
				CLANG_WARN__DUPLICATE_METHOD_MATCH = YES;
				COPY_PHASE_STRIP = NO;
				DEBUG_INFORMATION_FORMAT = dwarf;
				ENABLE_STRICT_OBJC_MSGSEND = YES;
				ENABLE_TESTABILITY = YES;
				GCC_C_LANGUAGE_STANDARD = gnu11;
				GCC_DYNAMIC_NO_PIC = NO;
				GCC_NO_COMMON_BLOCKS = YES;
				GCC_OPTIMIZATION_LEVEL = 0;
				GCC_PREPROCESSOR_DEFINITIONS = (
					"DEBUG=1",
					"$(inherited)",
				);
				GCC_WARN_64_TO_32_BIT_CONVERSION = YES;
				GCC_WARN_ABOUT_RETURN_TYPE = YES_ERROR;
				GCC_WARN_UNDECLARED_SELECTOR = YES;
				GCC_WARN_UNINITIALIZED_AUTOS = YES_AGGRESSIVE;
				GCC_WARN_UNUSED_FUNCTION = YES;
				GCC_WARN_UNUSED_VARIABLE = YES;
				IPHONEOS_DEPLOYMENT_TARGET = 14.4;
				MTL_ENABLE_DEBUG_INFO = INCLUDE_SOURCE;
				MTL_FAST_MATH = YES;
				ONLY_ACTIVE_ARCH = YES;
				SDKROOT = iphoneos;
				SWIFT_ACTIVE_COMPILATION_CONDITIONS = DEBUG;
				SWIFT_OPTIMIZATION_LEVEL = "-Onone";
			};
			name = Debug;
		};
		66DBC8A12747EC1300A8B7A3 /* Release */ = {
			isa = XCBuildConfiguration;
			buildSettings = {
				ALWAYS_SEARCH_USER_PATHS = NO;
				CLANG_ANALYZER_NONNULL = YES;
				CLANG_ANALYZER_NUMBER_OBJECT_CONVERSION = YES_AGGRESSIVE;
				CLANG_CXX_LANGUAGE_STANDARD = "gnu++14";
				CLANG_CXX_LIBRARY = "libc++";
				CLANG_ENABLE_MODULES = YES;
				CLANG_ENABLE_OBJC_ARC = YES;
				CLANG_ENABLE_OBJC_WEAK = YES;
				CLANG_WARN_BLOCK_CAPTURE_AUTORELEASING = YES;
				CLANG_WARN_BOOL_CONVERSION = YES;
				CLANG_WARN_COMMA = YES;
				CLANG_WARN_CONSTANT_CONVERSION = YES;
				CLANG_WARN_DEPRECATED_OBJC_IMPLEMENTATIONS = YES;
				CLANG_WARN_DIRECT_OBJC_ISA_USAGE = YES_ERROR;
				CLANG_WARN_DOCUMENTATION_COMMENTS = YES;
				CLANG_WARN_EMPTY_BODY = YES;
				CLANG_WARN_ENUM_CONVERSION = YES;
				CLANG_WARN_INFINITE_RECURSION = YES;
				CLANG_WARN_INT_CONVERSION = YES;
				CLANG_WARN_NON_LITERAL_NULL_CONVERSION = YES;
				CLANG_WARN_OBJC_IMPLICIT_RETAIN_SELF = YES;
				CLANG_WARN_OBJC_LITERAL_CONVERSION = YES;
				CLANG_WARN_OBJC_ROOT_CLASS = YES_ERROR;
				CLANG_WARN_QUOTED_INCLUDE_IN_FRAMEWORK_HEADER = YES;
				CLANG_WARN_RANGE_LOOP_ANALYSIS = YES;
				CLANG_WARN_STRICT_PROTOTYPES = YES;
				CLANG_WARN_SUSPICIOUS_MOVE = YES;
				CLANG_WARN_UNGUARDED_AVAILABILITY = YES_AGGRESSIVE;
				CLANG_WARN_UNREACHABLE_CODE = YES;
				CLANG_WARN__DUPLICATE_METHOD_MATCH = YES;
				COPY_PHASE_STRIP = NO;
				DEBUG_INFORMATION_FORMAT = "dwarf-with-dsym";
				ENABLE_NS_ASSERTIONS = NO;
				ENABLE_STRICT_OBJC_MSGSEND = YES;
				GCC_C_LANGUAGE_STANDARD = gnu11;
				GCC_NO_COMMON_BLOCKS = YES;
				GCC_WARN_64_TO_32_BIT_CONVERSION = YES;
				GCC_WARN_ABOUT_RETURN_TYPE = YES_ERROR;
				GCC_WARN_UNDECLARED_SELECTOR = YES;
				GCC_WARN_UNINITIALIZED_AUTOS = YES_AGGRESSIVE;
				GCC_WARN_UNUSED_FUNCTION = YES;
				GCC_WARN_UNUSED_VARIABLE = YES;
				IPHONEOS_DEPLOYMENT_TARGET = 14.4;
				MTL_ENABLE_DEBUG_INFO = NO;
				MTL_FAST_MATH = YES;
				SDKROOT = iphoneos;
				SWIFT_COMPILATION_MODE = wholemodule;
				SWIFT_OPTIMIZATION_LEVEL = "-O";
				VALIDATE_PRODUCT = YES;
			};
			name = Release;
		};
		66DBC8A32747EC1300A8B7A3 /* Debug */ = {
			isa = XCBuildConfiguration;
			buildSettings = {
				ASSETCATALOG_COMPILER_APPICON_NAME = AppIcon;
				ASSETCATALOG_COMPILER_GLOBAL_ACCENT_COLOR_NAME = AccentColor;
				CODE_SIGN_STYLE = Automatic;
				DEVELOPMENT_ASSET_PATHS = "\"HackathonApp/Preview Content\"";
				ENABLE_PREVIEWS = YES;
				INFOPLIST_FILE = HackathonApp/Info.plist;
				IPHONEOS_DEPLOYMENT_TARGET = 14.0;
				LD_RUNPATH_SEARCH_PATHS = (
					"$(inherited)",
					"@executable_path/Frameworks",
				);
				PRODUCT_BUNDLE_IDENTIFIER = "Nick-Semin.HackathonApp";
				PRODUCT_NAME = "$(TARGET_NAME)";
				SWIFT_VERSION = 5.0;
				TARGETED_DEVICE_FAMILY = "1,2";
			};
			name = Debug;
		};
		66DBC8A42747EC1300A8B7A3 /* Release */ = {
			isa = XCBuildConfiguration;
			buildSettings = {
				ASSETCATALOG_COMPILER_APPICON_NAME = AppIcon;
				ASSETCATALOG_COMPILER_GLOBAL_ACCENT_COLOR_NAME = AccentColor;
				CODE_SIGN_STYLE = Automatic;
				DEVELOPMENT_ASSET_PATHS = "\"HackathonApp/Preview Content\"";
				ENABLE_PREVIEWS = YES;
				INFOPLIST_FILE = HackathonApp/Info.plist;
				IPHONEOS_DEPLOYMENT_TARGET = 14.0;
				LD_RUNPATH_SEARCH_PATHS = (
					"$(inherited)",
					"@executable_path/Frameworks",
				);
				PRODUCT_BUNDLE_IDENTIFIER = "Nick-Semin.HackathonApp";
				PRODUCT_NAME = "$(TARGET_NAME)";
				SWIFT_VERSION = 5.0;
				TARGETED_DEVICE_FAMILY = "1,2";
			};
			name = Release;
		};
/* End XCBuildConfiguration section */

/* Begin XCConfigurationList section */
		66DBC88E2747EC1000A8B7A3 /* Build configuration list for PBXProject "HackathonApp" */ = {
			isa = XCConfigurationList;
			buildConfigurations = (
				66DBC8A02747EC1300A8B7A3 /* Debug */,
				66DBC8A12747EC1300A8B7A3 /* Release */,
			);
			defaultConfigurationIsVisible = 0;
			defaultConfigurationName = Release;
		};
		66DBC8A22747EC1300A8B7A3 /* Build configuration list for PBXNativeTarget "HackathonApp" */ = {
			isa = XCConfigurationList;
			buildConfigurations = (
				66DBC8A32747EC1300A8B7A3 /* Debug */,
				66DBC8A42747EC1300A8B7A3 /* Release */,
			);
			defaultConfigurationIsVisible = 0;
			defaultConfigurationName = Release;
		};
/* End XCConfigurationList section */
	};
	rootObject = 66DBC88B2747EC1000A8B7A3 /* Project object */;
}
